
Microsoft Visual Studio Solution File, Format Version 12.00
# Visual Studio Version 17
VisualStudioVersion = 17.4.33110.190
MinimumVisualStudioVersion = 10.0.40219.1
Project("{FAE04EC0-301F-11D3-BF4B-00C04F79EFBC}") = "ChessConsole", "ChessConsole\ChessConsole.csproj", "{1C80FC1A-A1B2-47B7-95F2-5D427B3ED4F0}"
EndProject
Global
	GlobalSection(SolutionConfigurationPlatforms) = preSolution
		Debug|Any CPU = Debug|Any CPU
		Release|Any CPU = Release|Any CPU
	EndGlobalSection
	GlobalSection(ProjectConfigurationPlatforms) = postSolution
		{1C80FC1A-A1B2-47B7-95F2-5D427B3ED4F0}.Debug|Any CPU.ActiveCfg = Debug|Any CPU
		{1C80FC1A-A1B2-47B7-95F2-5D427B3ED4F0}.Debug|Any CPU.Build.0 = Debug|Any CPU
		{1C80FC1A-A1B2-47B7-95F2-5D427B3ED4F0}.Release|Any CPU.ActiveCfg = Release|Any CPU
		{1C80FC1A-A1B2-47B7-95F2-5D427B3ED4F0}.Release|Any CPU.Build.0 = Release|Any CPU
	EndGlobalSection
	GlobalSection(SolutionProperties) = preSolution
		HideSolutionNode = FALSE
	EndGlobalSection
	GlobalSection(ExtensibilityGlobals) = postSolution
		SolutionGuid = {0E6D7371-C2BA-441B-B0DE-E62E5FFC5896}
	EndGlobalSection
EndGlobal
